
Microsoft Visual Studio Solution File, Format Version 12.00
# Visual Studio 14
VisualStudioVersion = 14.0.25420.1
MinimumVisualStudioVersion = 10.0.40219.1
Project("{2150E333-8FDC-42A3-9474-1A3956D46DE8}") = "src", "src", "{64BE25C1-9164-4FA2-AD6E-C3F8BA221A7B}"
EndProject
Project("{2150E333-8FDC-42A3-9474-1A3956D46DE8}") = "Solution Items", "Solution Items", "{A129E4B7-F0CF-4999-A43B-D1ACBD2CCF45}"
	ProjectSection(SolutionItems) = preProject
		global.json = global.json
	EndProjectSection
EndProject
Project("{8BB2217D-0F2D-49D1-97BC-3654ED321F3B}") = "NetCoreProjectToProject", "src\NetCoreProjectToProject\NetCoreProjectToProject.xproj", "{87EBCC8D-E35C-4EE7-BBFB-00644792798E}"
EndProject
Project("{8BB2217D-0F2D-49D1-97BC-3654ED321F3B}") = "ClassLibraryA", "src\ClassLibraryA\ClassLibraryA.xproj", "{3BA3D4CD-FDB7-4FEE-946F-A74B00B87A88}"
EndProject
Project("{8BB2217D-0F2D-49D1-97BC-3654ED321F3B}") = "ClassLibraryB", "src\ClassLibraryB\ClassLibraryB.xproj", "{56530A4A-3633-474E-9E40-25EEBB8C26F0}"
EndProject
Global
	GlobalSection(SolutionConfigurationPlatforms) = preSolution
		Debug|Any CPU = Debug|Any CPU
		Release|Any CPU = Release|Any CPU
	EndGlobalSection
	GlobalSection(ProjectConfigurationPlatforms) = postSolution
		{87EBCC8D-E35C-4EE7-BBFB-00644792798E}.Debug|Any CPU.ActiveCfg = Debug|Any CPU
		{87EBCC8D-E35C-4EE7-BBFB-00644792798E}.Debug|Any CPU.Build.0 = Debug|Any CPU
		{87EBCC8D-E35C-4EE7-BBFB-00644792798E}.Release|Any CPU.ActiveCfg = Release|Any CPU
		{87EBCC8D-E35C-4EE7-BBFB-00644792798E}.Release|Any CPU.Build.0 = Release|Any CPU
		{3BA3D4CD-FDB7-4FEE-946F-A74B00B87A88}.Debug|Any CPU.ActiveCfg = Debug|Any CPU
		{3BA3D4CD-FDB7-4FEE-946F-A74B00B87A88}.Debug|Any CPU.Build.0 = Debug|Any CPU
		{3BA3D4CD-FDB7-4FEE-946F-A74B00B87A88}.Release|Any CPU.ActiveCfg = Release|Any CPU
		{3BA3D4CD-FDB7-4FEE-946F-A74B00B87A88}.Release|Any CPU.Build.0 = Release|Any CPU
		{56530A4A-3633-474E-9E40-25EEBB8C26F0}.Debug|Any CPU.ActiveCfg = Debug|Any CPU
		{56530A4A-3633-474E-9E40-25EEBB8C26F0}.Debug|Any CPU.Build.0 = Debug|Any CPU
		{56530A4A-3633-474E-9E40-25EEBB8C26F0}.Release|Any CPU.ActiveCfg = Release|Any CPU
		{56530A4A-3633-474E-9E40-25EEBB8C26F0}.Release|Any CPU.Build.0 = Release|Any CPU
	EndGlobalSection
	GlobalSection(SolutionProperties) = preSolution
		HideSolutionNode = FALSE
	EndGlobalSection
	GlobalSection(NestedProjects) = preSolution
		{87EBCC8D-E35C-4EE7-BBFB-00644792798E} = {64BE25C1-9164-4FA2-AD6E-C3F8BA221A7B}
		{3BA3D4CD-FDB7-4FEE-946F-A74B00B87A88} = {64BE25C1-9164-4FA2-AD6E-C3F8BA221A7B}
		{56530A4A-3633-474E-9E40-25EEBB8C26F0} = {64BE25C1-9164-4FA2-AD6E-C3F8BA221A7B}
	EndGlobalSection
EndGlobal
